
Microsoft Visual Studio Solution File, Format Version 12.00
# Visual Studio Version 17
VisualStudioVersion = 17.0.31903.59
MinimumVisualStudioVersion = 10.0.40219.1
Project("{2150E333-8FDC-42A3-9474-1A3956D46DE8}") = "src", "src", "{74E53991-857C-4F62-B589-967272510E1A}"
EndProject
Project("{2150E333-8FDC-42A3-9474-1A3956D46DE8}") = "Clients", "Clients", "{067E79BA-C5DC-4EFD-87C3-595673EBB654}"
EndProject
Project("{2150E333-8FDC-42A3-9474-1A3956D46DE8}") = "VaultDataManagerClient", "VaultDataManagerClient", "{C809B604-0163-4874-935C-E0F291DB7C7A}"
EndProject
Project("{2150E333-8FDC-42A3-9474-1A3956D46DE8}") = "src", "src", "{E86C2320-C2B1-43A1-A931-25131B195A38}"
EndProject
Project("{FAE04EC0-301F-11D3-BF4B-00C04F79EFBC}") = "AffinidiTdk.VaultDataManagerClient", "src\Clients\VaultDataManagerClient\src\AffinidiTdk.VaultDataManagerClient\AffinidiTdk.VaultDataManagerClient.csproj", "{7D1C2792-F52C-45C1-B911-2EBE71D72642}"
EndProject
Project("{2150E333-8FDC-42A3-9474-1A3956D46DE8}") = "CredentialIssuanceClient", "CredentialIssuanceClient", "{1721CDF4-1D10-4B3D-9DD4-74CCB4A5C522}"
EndProject
Project("{2150E333-8FDC-42A3-9474-1A3956D46DE8}") = "src", "src", "{A14F14A3-0E39-4B64-9DFD-CA7AECD6463D}"
EndProject
Project("{FAE04EC0-301F-11D3-BF4B-00C04F79EFBC}") = "AffinidiTdk.CredentialIssuanceClient", "src\Clients\CredentialIssuanceClient\src\AffinidiTdk.CredentialIssuanceClient\AffinidiTdk.CredentialIssuanceClient.csproj", "{A9C34C0B-0323-4841-9A4C-C6751730395A}"
EndProject
Project("{2150E333-8FDC-42A3-9474-1A3956D46DE8}") = "IotaClient", "IotaClient", "{63260105-A785-45A6-B910-19203E41422C}"
EndProject
Project("{2150E333-8FDC-42A3-9474-1A3956D46DE8}") = "src", "src", "{7317FC2C-99B5-435D-B247-5478BF678C4C}"
EndProject
Project("{FAE04EC0-301F-11D3-BF4B-00C04F79EFBC}") = "AffinidiTdk.IotaClient", "src\Clients\IotaClient\src\AffinidiTdk.IotaClient\AffinidiTdk.IotaClient.csproj", "{D4326AFF-8EDC-474A-9E52-FDAE00B6D2EB}"
EndProject
Project("{2150E333-8FDC-42A3-9474-1A3956D46DE8}") = "CredentialVerificationClient", "CredentialVerificationClient", "{13A4CFB1-0931-4FC3-940D-8E7626AF80D2}"
EndProject
Project("{2150E333-8FDC-42A3-9474-1A3956D46DE8}") = "src", "src", "{7A262A40-E6C3-4D79-9F0B-06F21869D7D4}"
EndProject
Project("{FAE04EC0-301F-11D3-BF4B-00C04F79EFBC}") = "AffinidiTdk.CredentialVerificationClient", "src\Clients\CredentialVerificationClient\src\AffinidiTdk.CredentialVerificationClient\AffinidiTdk.CredentialVerificationClient.csproj", "{5E65DC33-0502-4484-9A68-5A07A0E49DDB}"
EndProject
Project("{2150E333-8FDC-42A3-9474-1A3956D46DE8}") = "WalletsClient", "WalletsClient", "{7C7A9453-D3B1-435F-940D-3AC37451DF36}"
EndProject
Project("{2150E333-8FDC-42A3-9474-1A3956D46DE8}") = "src", "src", "{3348B209-551E-4F5A-B969-9E1F486EF3DB}"
EndProject
Project("{FAE04EC0-301F-11D3-BF4B-00C04F79EFBC}") = "AffinidiTdk.WalletsClient", "src\Clients\WalletsClient\src\AffinidiTdk.WalletsClient\AffinidiTdk.WalletsClient.csproj", "{BFCC9233-85B7-4A65-9231-DCAB8469C31F}"
EndProject
Project("{2150E333-8FDC-42A3-9474-1A3956D46DE8}") = "IamClient", "IamClient", "{47D819B5-BC55-4B33-86BC-84A22DA8CEEB}"
EndProject
Project("{2150E333-8FDC-42A3-9474-1A3956D46DE8}") = "src", "src", "{DA41182C-9521-43B5-BE36-C6BE7DB9B1DF}"
EndProject
Project("{FAE04EC0-301F-11D3-BF4B-00C04F79EFBC}") = "AffinidiTdk.IamClient", "src\Clients\IamClient\src\AffinidiTdk.IamClient\AffinidiTdk.IamClient.csproj", "{CA6EE13C-F080-4DD5-A48A-096D5023074E}"
EndProject
Project("{2150E333-8FDC-42A3-9474-1A3956D46DE8}") = "LoginConfigurationClient", "LoginConfigurationClient", "{FC9E9798-FD69-4FBC-8121-E678B3FEFA2E}"
EndProject
Project("{2150E333-8FDC-42A3-9474-1A3956D46DE8}") = "src", "src", "{7FFC5E78-877A-402A-8FFA-0B4470288E02}"
EndProject
Project("{FAE04EC0-301F-11D3-BF4B-00C04F79EFBC}") = "AffinidiTdk.LoginConfigurationClient", "src\Clients\LoginConfigurationClient\src\AffinidiTdk.LoginConfigurationClient\AffinidiTdk.LoginConfigurationClient.csproj", "{88D8A869-2B5E-4406-A294-3499577B08F6}"
EndProject
Project("{2150E333-8FDC-42A3-9474-1A3956D46DE8}") = "tests", "tests", "{4595D885-E075-4EB4-8EBC-EE986AB1FED0}"
EndProject
Project("{FAE04EC0-301F-11D3-BF4B-00C04F79EFBC}") = "IntegrationTests", "tests\IntegrationTests\IntegrationTests.csproj", "{F31B78B6-F04E-4201-9760-70FE21AC9117}"
EndProject
Project("{2150E333-8FDC-42A3-9474-1A3956D46DE8}") = "Packages", "Packages", "{9994C07C-43C2-4D94-A0C2-C6F9E32DE3CB}"
EndProject
Project("{FAE04EC0-301F-11D3-BF4B-00C04F79EFBC}") = "AffinidiTdk.AuthProvider.Tests", "tests\Packages\AffinidiTdk.AuthProvider.Tests\AffinidiTdk.AuthProvider.Tests.csproj", "{B4A0CC1A-BF8D-4859-9975-D12FAACEA401}"
EndProject
Project("{FAE04EC0-301F-11D3-BF4B-00C04F79EFBC}") = "AffinidiTdk.Common.Tests", "tests\Packages\AffinidiTdk.Common.Tests\AffinidiTdk.Common.Tests.csproj", "{876A7ED8-4F12-466F-8412-5B6B19D017CA}"
EndProject
Global
	GlobalSection(SolutionConfigurationPlatforms) = preSolution
		Debug|Any CPU = Debug|Any CPU
		Release|Any CPU = Release|Any CPU
	EndGlobalSection
	GlobalSection(SolutionProperties) = preSolution
		HideSolutionNode = FALSE
	EndGlobalSection
	GlobalSection(ProjectConfigurationPlatforms) = postSolution
		{7D1C2792-F52C-45C1-B911-2EBE71D72642}.Debug|Any CPU.ActiveCfg = Debug|Any CPU
		{7D1C2792-F52C-45C1-B911-2EBE71D72642}.Debug|Any CPU.Build.0 = Debug|Any CPU
		{7D1C2792-F52C-45C1-B911-2EBE71D72642}.Release|Any CPU.ActiveCfg = Release|Any CPU
		{7D1C2792-F52C-45C1-B911-2EBE71D72642}.Release|Any CPU.Build.0 = Release|Any CPU
		{A9C34C0B-0323-4841-9A4C-C6751730395A}.Debug|Any CPU.ActiveCfg = Debug|Any CPU
		{A9C34C0B-0323-4841-9A4C-C6751730395A}.Debug|Any CPU.Build.0 = Debug|Any CPU
		{A9C34C0B-0323-4841-9A4C-C6751730395A}.Release|Any CPU.ActiveCfg = Release|Any CPU
		{A9C34C0B-0323-4841-9A4C-C6751730395A}.Release|Any CPU.Build.0 = Release|Any CPU
		{D4326AFF-8EDC-474A-9E52-FDAE00B6D2EB}.Debug|Any CPU.ActiveCfg = Debug|Any CPU
		{D4326AFF-8EDC-474A-9E52-FDAE00B6D2EB}.Debug|Any CPU.Build.0 = Debug|Any CPU
		{D4326AFF-8EDC-474A-9E52-FDAE00B6D2EB}.Release|Any CPU.ActiveCfg = Release|Any CPU
		{D4326AFF-8EDC-474A-9E52-FDAE00B6D2EB}.Release|Any CPU.Build.0 = Release|Any CPU
		{5E65DC33-0502-4484-9A68-5A07A0E49DDB}.Debug|Any CPU.ActiveCfg = Debug|Any CPU
		{5E65DC33-0502-4484-9A68-5A07A0E49DDB}.Debug|Any CPU.Build.0 = Debug|Any CPU
		{5E65DC33-0502-4484-9A68-5A07A0E49DDB}.Release|Any CPU.ActiveCfg = Release|Any CPU
		{5E65DC33-0502-4484-9A68-5A07A0E49DDB}.Release|Any CPU.Build.0 = Release|Any CPU
		{BFCC9233-85B7-4A65-9231-DCAB8469C31F}.Debug|Any CPU.ActiveCfg = Debug|Any CPU
		{BFCC9233-85B7-4A65-9231-DCAB8469C31F}.Debug|Any CPU.Build.0 = Debug|Any CPU
		{BFCC9233-85B7-4A65-9231-DCAB8469C31F}.Release|Any CPU.ActiveCfg = Release|Any CPU
		{BFCC9233-85B7-4A65-9231-DCAB8469C31F}.Release|Any CPU.Build.0 = Release|Any CPU
		{CA6EE13C-F080-4DD5-A48A-096D5023074E}.Debug|Any CPU.ActiveCfg = Debug|Any CPU
		{CA6EE13C-F080-4DD5-A48A-096D5023074E}.Debug|Any CPU.Build.0 = Debug|Any CPU
		{CA6EE13C-F080-4DD5-A48A-096D5023074E}.Release|Any CPU.ActiveCfg = Release|Any CPU
		{CA6EE13C-F080-4DD5-A48A-096D5023074E}.Release|Any CPU.Build.0 = Release|Any CPU
		{88D8A869-2B5E-4406-A294-3499577B08F6}.Debug|Any CPU.ActiveCfg = Debug|Any CPU
		{88D8A869-2B5E-4406-A294-3499577B08F6}.Debug|Any CPU.Build.0 = Debug|Any CPU
		{88D8A869-2B5E-4406-A294-3499577B08F6}.Release|Any CPU.ActiveCfg = Release|Any CPU
		{88D8A869-2B5E-4406-A294-3499577B08F6}.Release|Any CPU.Build.0 = Release|Any CPU
		{F31B78B6-F04E-4201-9760-70FE21AC9117}.Debug|Any CPU.ActiveCfg = Debug|Any CPU
		{F31B78B6-F04E-4201-9760-70FE21AC9117}.Debug|Any CPU.Build.0 = Debug|Any CPU
		{F31B78B6-F04E-4201-9760-70FE21AC9117}.Release|Any CPU.ActiveCfg = Release|Any CPU
		{F31B78B6-F04E-4201-9760-70FE21AC9117}.Release|Any CPU.Build.0 = Release|Any CPU
		{B4A0CC1A-BF8D-4859-9975-D12FAACEA401}.Debug|Any CPU.ActiveCfg = Debug|Any CPU
		{B4A0CC1A-BF8D-4859-9975-D12FAACEA401}.Debug|Any CPU.Build.0 = Debug|Any CPU
		{B4A0CC1A-BF8D-4859-9975-D12FAACEA401}.Release|Any CPU.ActiveCfg = Release|Any CPU
		{B4A0CC1A-BF8D-4859-9975-D12FAACEA401}.Release|Any CPU.Build.0 = Release|Any CPU
		{876A7ED8-4F12-466F-8412-5B6B19D017CA}.Debug|Any CPU.ActiveCfg = Debug|Any CPU
		{876A7ED8-4F12-466F-8412-5B6B19D017CA}.Debug|Any CPU.Build.0 = Debug|Any CPU
		{876A7ED8-4F12-466F-8412-5B6B19D017CA}.Release|Any CPU.ActiveCfg = Release|Any CPU
		{876A7ED8-4F12-466F-8412-5B6B19D017CA}.Release|Any CPU.Build.0 = Release|Any CPU
	EndGlobalSection
	GlobalSection(NestedProjects) = preSolution
		{067E79BA-C5DC-4EFD-87C3-595673EBB654} = {74E53991-857C-4F62-B589-967272510E1A}
		{C809B604-0163-4874-935C-E0F291DB7C7A} = {067E79BA-C5DC-4EFD-87C3-595673EBB654}
		{E86C2320-C2B1-43A1-A931-25131B195A38} = {C809B604-0163-4874-935C-E0F291DB7C7A}
		{7D1C2792-F52C-45C1-B911-2EBE71D72642} = {E86C2320-C2B1-43A1-A931-25131B195A38}
		{1721CDF4-1D10-4B3D-9DD4-74CCB4A5C522} = {067E79BA-C5DC-4EFD-87C3-595673EBB654}
		{A14F14A3-0E39-4B64-9DFD-CA7AECD6463D} = {1721CDF4-1D10-4B3D-9DD4-74CCB4A5C522}
		{A9C34C0B-0323-4841-9A4C-C6751730395A} = {A14F14A3-0E39-4B64-9DFD-CA7AECD6463D}
		{63260105-A785-45A6-B910-19203E41422C} = {067E79BA-C5DC-4EFD-87C3-595673EBB654}
		{7317FC2C-99B5-435D-B247-5478BF678C4C} = {63260105-A785-45A6-B910-19203E41422C}
		{D4326AFF-8EDC-474A-9E52-FDAE00B6D2EB} = {7317FC2C-99B5-435D-B247-5478BF678C4C}
		{13A4CFB1-0931-4FC3-940D-8E7626AF80D2} = {067E79BA-C5DC-4EFD-87C3-595673EBB654}
		{7A262A40-E6C3-4D79-9F0B-06F21869D7D4} = {13A4CFB1-0931-4FC3-940D-8E7626AF80D2}
		{5E65DC33-0502-4484-9A68-5A07A0E49DDB} = {7A262A40-E6C3-4D79-9F0B-06F21869D7D4}
		{7C7A9453-D3B1-435F-940D-3AC37451DF36} = {067E79BA-C5DC-4EFD-87C3-595673EBB654}
		{3348B209-551E-4F5A-B969-9E1F486EF3DB} = {7C7A9453-D3B1-435F-940D-3AC37451DF36}
		{BFCC9233-85B7-4A65-9231-DCAB8469C31F} = {3348B209-551E-4F5A-B969-9E1F486EF3DB}
		{47D819B5-BC55-4B33-86BC-84A22DA8CEEB} = {067E79BA-C5DC-4EFD-87C3-595673EBB654}
		{DA41182C-9521-43B5-BE36-C6BE7DB9B1DF} = {47D819B5-BC55-4B33-86BC-84A22DA8CEEB}
		{CA6EE13C-F080-4DD5-A48A-096D5023074E} = {DA41182C-9521-43B5-BE36-C6BE7DB9B1DF}
		{FC9E9798-FD69-4FBC-8121-E678B3FEFA2E} = {067E79BA-C5DC-4EFD-87C3-595673EBB654}
		{7FFC5E78-877A-402A-8FFA-0B4470288E02} = {FC9E9798-FD69-4FBC-8121-E678B3FEFA2E}
		{88D8A869-2B5E-4406-A294-3499577B08F6} = {7FFC5E78-877A-402A-8FFA-0B4470288E02}
		{F31B78B6-F04E-4201-9760-70FE21AC9117} = {4595D885-E075-4EB4-8EBC-EE986AB1FED0}
		{9994C07C-43C2-4D94-A0C2-C6F9E32DE3CB} = {4595D885-E075-4EB4-8EBC-EE986AB1FED0}
		{B4A0CC1A-BF8D-4859-9975-D12FAACEA401} = {9994C07C-43C2-4D94-A0C2-C6F9E32DE3CB}
		{876A7ED8-4F12-466F-8412-5B6B19D017CA} = {9994C07C-43C2-4D94-A0C2-C6F9E32DE3CB}
	EndGlobalSection
EndGlobal
