
Microsoft Visual Studio Solution File, Format Version 12.00
# Visual Studio Version 17
VisualStudioVersion = 17.0.31903.59
MinimumVisualStudioVersion = 10.0.40219.1
Project("{2150E333-8FDC-42A3-9474-1A3956D46DE8}") = "tests", "tests", "{443676AC-6AD7-43DD-8016-9A37A225C781}"
EndProject
Project("{FAE04EC0-301F-11D3-BF4B-00C04F79EFBC}") = "IntegrationTests", "tests\IntegrationTests\IntegrationTests.csproj", "{A9E02CC6-99CF-4E4E-8AD2-99DBB5CE8A90}"
EndProject
Project("{2150E333-8FDC-42A3-9474-1A3956D46DE8}") = "Packages", "Packages", "{B8AFB72B-0611-4FA6-8642-0D69DE6D1292}"
EndProject
Project("{FAE04EC0-301F-11D3-BF4B-00C04F79EFBC}") = "AffinidiTdk.AuthProvider.Tests", "tests\Packages\AffinidiTdk.AuthProvider.Tests\AffinidiTdk.AuthProvider.Tests.csproj", "{78DECDE6-B610-44EF-94DD-B7C95623A086}"
EndProject
Project("{FAE04EC0-301F-11D3-BF4B-00C04F79EFBC}") = "AffinidiTdk.Common.Tests", "tests\Packages\AffinidiTdk.Common.Tests\AffinidiTdk.Common.Tests.csproj", "{B24C43C9-0F5D-4B55-99AE-DBF87D017DD5}"
EndProject
Project("{2150E333-8FDC-42A3-9474-1A3956D46DE8}") = "src", "src", "{02292660-D709-4C4E-A150-8959E668A201}"
EndProject
Project("{2150E333-8FDC-42A3-9474-1A3956D46DE8}") = "Clients", "Clients", "{067F91D8-E56A-4349-B6DC-9EE7680BC2BC}"
EndProject
Project("{2150E333-8FDC-42A3-9474-1A3956D46DE8}") = "VaultDataManagerClient", "VaultDataManagerClient", "{75B767A8-1153-4AD6-AFD9-92C2F2408AFC}"
EndProject
Project("{2150E333-8FDC-42A3-9474-1A3956D46DE8}") = "src", "src", "{B1E5BC1B-3B75-467C-B522-84E7644225FF}"
EndProject
Project("{FAE04EC0-301F-11D3-BF4B-00C04F79EFBC}") = "AffinidiTdk.VaultDataManagerClient", "src\Clients\VaultDataManagerClient\src\AffinidiTdk.VaultDataManagerClient\AffinidiTdk.VaultDataManagerClient.csproj", "{6714E156-ECE9-4DDD-8E23-8029E38C8F8E}"
EndProject
Project("{2150E333-8FDC-42A3-9474-1A3956D46DE8}") = "CredentialIssuanceClient", "CredentialIssuanceClient", "{CF9D007E-BEE9-4671-B33A-4449AF4CB401}"
EndProject
Project("{2150E333-8FDC-42A3-9474-1A3956D46DE8}") = "src", "src", "{35EB514D-E66F-484B-8CDC-495A434BD12E}"
EndProject
Project("{FAE04EC0-301F-11D3-BF4B-00C04F79EFBC}") = "AffinidiTdk.CredentialIssuanceClient", "src\Clients\CredentialIssuanceClient\src\AffinidiTdk.CredentialIssuanceClient\AffinidiTdk.CredentialIssuanceClient.csproj", "{9B8CE17B-BAB3-4E36-A6E6-453374ABE3E6}"
EndProject
Project("{2150E333-8FDC-42A3-9474-1A3956D46DE8}") = "IotaClient", "IotaClient", "{AB53D708-74C9-4BB5-A237-95FD85D99792}"
EndProject
Project("{2150E333-8FDC-42A3-9474-1A3956D46DE8}") = "src", "src", "{866BB861-B4E7-4BA3-89F3-41C056513772}"
EndProject
Project("{FAE04EC0-301F-11D3-BF4B-00C04F79EFBC}") = "AffinidiTdk.IotaClient", "src\Clients\IotaClient\src\AffinidiTdk.IotaClient\AffinidiTdk.IotaClient.csproj", "{874E8240-B4AC-4286-9641-7E861A74AA83}"
EndProject
Project("{2150E333-8FDC-42A3-9474-1A3956D46DE8}") = "CredentialVerificationClient", "CredentialVerificationClient", "{6F9664A3-7F02-42F7-A6AB-EB6B0235C84F}"
EndProject
Project("{2150E333-8FDC-42A3-9474-1A3956D46DE8}") = "src", "src", "{FF66982E-E52B-47EE-A464-5CBF7B4BC632}"
EndProject
Project("{FAE04EC0-301F-11D3-BF4B-00C04F79EFBC}") = "AffinidiTdk.CredentialVerificationClient", "src\Clients\CredentialVerificationClient\src\AffinidiTdk.CredentialVerificationClient\AffinidiTdk.CredentialVerificationClient.csproj", "{48CFB0FB-FB5F-4B65-B77C-0234FA11F39B}"
EndProject
Project("{2150E333-8FDC-42A3-9474-1A3956D46DE8}") = "WalletsClient", "WalletsClient", "{ADEF8C32-DCC6-40E7-9F25-7B934EE6E2A3}"
EndProject
Project("{2150E333-8FDC-42A3-9474-1A3956D46DE8}") = "src", "src", "{CF7A82D7-8D26-4D5B-821C-DA6D4AC5EB81}"
EndProject
Project("{FAE04EC0-301F-11D3-BF4B-00C04F79EFBC}") = "AffinidiTdk.WalletsClient", "src\Clients\WalletsClient\src\AffinidiTdk.WalletsClient\AffinidiTdk.WalletsClient.csproj", "{1048350D-85DC-4A1B-8498-FAD6B70F9236}"
EndProject
Project("{2150E333-8FDC-42A3-9474-1A3956D46DE8}") = "IamClient", "IamClient", "{84FAA044-1B19-4C7B-A0A1-4E4C090DDA86}"
EndProject
Project("{2150E333-8FDC-42A3-9474-1A3956D46DE8}") = "src", "src", "{74FA128E-3555-4BCC-9D02-995FE9D8755C}"
EndProject
Project("{FAE04EC0-301F-11D3-BF4B-00C04F79EFBC}") = "AffinidiTdk.IamClient", "src\Clients\IamClient\src\AffinidiTdk.IamClient\AffinidiTdk.IamClient.csproj", "{74E28D0F-D2DD-4C61-926E-202830EECFF7}"
EndProject
Project("{2150E333-8FDC-42A3-9474-1A3956D46DE8}") = "LoginConfigurationClient", "LoginConfigurationClient", "{FF9E8581-0691-4F65-9F03-67E04BE3EF4E}"
EndProject
Project("{2150E333-8FDC-42A3-9474-1A3956D46DE8}") = "src", "src", "{612A18C3-85B3-473B-AFCF-6EBAEB42BD81}"
EndProject
Project("{FAE04EC0-301F-11D3-BF4B-00C04F79EFBC}") = "AffinidiTdk.LoginConfigurationClient", "src\Clients\LoginConfigurationClient\src\AffinidiTdk.LoginConfigurationClient\AffinidiTdk.LoginConfigurationClient.csproj", "{1B868A07-BFE3-42A4-BC17-CEB2103302C1}"
EndProject
Project("{2150E333-8FDC-42A3-9474-1A3956D46DE8}") = "Packages", "Packages", "{1C38E671-F2C8-4DCF-A501-B67BBF6E55C0}"
EndProject
Project("{FAE04EC0-301F-11D3-BF4B-00C04F79EFBC}") = "AffinidiTdk.AuthProvider", "src\Packages\AffinidiTdk.AuthProvider\AffinidiTdk.AuthProvider.csproj", "{E87948D2-E540-4A98-B98A-CF3FA5A9E76A}"
EndProject
Project("{FAE04EC0-301F-11D3-BF4B-00C04F79EFBC}") = "AffinidiTdk.Common", "src\Packages\AffinidiTdk.Common\AffinidiTdk.Common.csproj", "{E4BB53A8-965F-411B-850D-E6786CD0CB18}"
EndProject
Global
	GlobalSection(SolutionConfigurationPlatforms) = preSolution
		Debug|Any CPU = Debug|Any CPU
		Release|Any CPU = Release|Any CPU
	EndGlobalSection
	GlobalSection(SolutionProperties) = preSolution
		HideSolutionNode = FALSE
	EndGlobalSection
	GlobalSection(ProjectConfigurationPlatforms) = postSolution
		{A9E02CC6-99CF-4E4E-8AD2-99DBB5CE8A90}.Debug|Any CPU.ActiveCfg = Debug|Any CPU
		{A9E02CC6-99CF-4E4E-8AD2-99DBB5CE8A90}.Debug|Any CPU.Build.0 = Debug|Any CPU
		{A9E02CC6-99CF-4E4E-8AD2-99DBB5CE8A90}.Release|Any CPU.ActiveCfg = Release|Any CPU
		{A9E02CC6-99CF-4E4E-8AD2-99DBB5CE8A90}.Release|Any CPU.Build.0 = Release|Any CPU
		{78DECDE6-B610-44EF-94DD-B7C95623A086}.Debug|Any CPU.ActiveCfg = Debug|Any CPU
		{78DECDE6-B610-44EF-94DD-B7C95623A086}.Debug|Any CPU.Build.0 = Debug|Any CPU
		{78DECDE6-B610-44EF-94DD-B7C95623A086}.Release|Any CPU.ActiveCfg = Release|Any CPU
		{78DECDE6-B610-44EF-94DD-B7C95623A086}.Release|Any CPU.Build.0 = Release|Any CPU
		{B24C43C9-0F5D-4B55-99AE-DBF87D017DD5}.Debug|Any CPU.ActiveCfg = Debug|Any CPU
		{B24C43C9-0F5D-4B55-99AE-DBF87D017DD5}.Debug|Any CPU.Build.0 = Debug|Any CPU
		{B24C43C9-0F5D-4B55-99AE-DBF87D017DD5}.Release|Any CPU.ActiveCfg = Release|Any CPU
		{B24C43C9-0F5D-4B55-99AE-DBF87D017DD5}.Release|Any CPU.Build.0 = Release|Any CPU
		{6714E156-ECE9-4DDD-8E23-8029E38C8F8E}.Debug|Any CPU.ActiveCfg = Debug|Any CPU
		{6714E156-ECE9-4DDD-8E23-8029E38C8F8E}.Debug|Any CPU.Build.0 = Debug|Any CPU
		{6714E156-ECE9-4DDD-8E23-8029E38C8F8E}.Release|Any CPU.ActiveCfg = Release|Any CPU
		{6714E156-ECE9-4DDD-8E23-8029E38C8F8E}.Release|Any CPU.Build.0 = Release|Any CPU
		{9B8CE17B-BAB3-4E36-A6E6-453374ABE3E6}.Debug|Any CPU.ActiveCfg = Debug|Any CPU
		{9B8CE17B-BAB3-4E36-A6E6-453374ABE3E6}.Debug|Any CPU.Build.0 = Debug|Any CPU
		{9B8CE17B-BAB3-4E36-A6E6-453374ABE3E6}.Release|Any CPU.ActiveCfg = Release|Any CPU
		{9B8CE17B-BAB3-4E36-A6E6-453374ABE3E6}.Release|Any CPU.Build.0 = Release|Any CPU
		{874E8240-B4AC-4286-9641-7E861A74AA83}.Debug|Any CPU.ActiveCfg = Debug|Any CPU
		{874E8240-B4AC-4286-9641-7E861A74AA83}.Debug|Any CPU.Build.0 = Debug|Any CPU
		{874E8240-B4AC-4286-9641-7E861A74AA83}.Release|Any CPU.ActiveCfg = Release|Any CPU
		{874E8240-B4AC-4286-9641-7E861A74AA83}.Release|Any CPU.Build.0 = Release|Any CPU
		{48CFB0FB-FB5F-4B65-B77C-0234FA11F39B}.Debug|Any CPU.ActiveCfg = Debug|Any CPU
		{48CFB0FB-FB5F-4B65-B77C-0234FA11F39B}.Debug|Any CPU.Build.0 = Debug|Any CPU
		{48CFB0FB-FB5F-4B65-B77C-0234FA11F39B}.Release|Any CPU.ActiveCfg = Release|Any CPU
		{48CFB0FB-FB5F-4B65-B77C-0234FA11F39B}.Release|Any CPU.Build.0 = Release|Any CPU
		{1048350D-85DC-4A1B-8498-FAD6B70F9236}.Debug|Any CPU.ActiveCfg = Debug|Any CPU
		{1048350D-85DC-4A1B-8498-FAD6B70F9236}.Debug|Any CPU.Build.0 = Debug|Any CPU
		{1048350D-85DC-4A1B-8498-FAD6B70F9236}.Release|Any CPU.ActiveCfg = Release|Any CPU
		{1048350D-85DC-4A1B-8498-FAD6B70F9236}.Release|Any CPU.Build.0 = Release|Any CPU
		{74E28D0F-D2DD-4C61-926E-202830EECFF7}.Debug|Any CPU.ActiveCfg = Debug|Any CPU
		{74E28D0F-D2DD-4C61-926E-202830EECFF7}.Debug|Any CPU.Build.0 = Debug|Any CPU
		{74E28D0F-D2DD-4C61-926E-202830EECFF7}.Release|Any CPU.ActiveCfg = Release|Any CPU
		{74E28D0F-D2DD-4C61-926E-202830EECFF7}.Release|Any CPU.Build.0 = Release|Any CPU
		{1B868A07-BFE3-42A4-BC17-CEB2103302C1}.Debug|Any CPU.ActiveCfg = Debug|Any CPU
		{1B868A07-BFE3-42A4-BC17-CEB2103302C1}.Debug|Any CPU.Build.0 = Debug|Any CPU
		{1B868A07-BFE3-42A4-BC17-CEB2103302C1}.Release|Any CPU.ActiveCfg = Release|Any CPU
		{1B868A07-BFE3-42A4-BC17-CEB2103302C1}.Release|Any CPU.Build.0 = Release|Any CPU
		{E87948D2-E540-4A98-B98A-CF3FA5A9E76A}.Debug|Any CPU.ActiveCfg = Debug|Any CPU
		{E87948D2-E540-4A98-B98A-CF3FA5A9E76A}.Debug|Any CPU.Build.0 = Debug|Any CPU
		{E87948D2-E540-4A98-B98A-CF3FA5A9E76A}.Release|Any CPU.ActiveCfg = Release|Any CPU
		{E87948D2-E540-4A98-B98A-CF3FA5A9E76A}.Release|Any CPU.Build.0 = Release|Any CPU
		{E4BB53A8-965F-411B-850D-E6786CD0CB18}.Debug|Any CPU.ActiveCfg = Debug|Any CPU
		{E4BB53A8-965F-411B-850D-E6786CD0CB18}.Debug|Any CPU.Build.0 = Debug|Any CPU
		{E4BB53A8-965F-411B-850D-E6786CD0CB18}.Release|Any CPU.ActiveCfg = Release|Any CPU
		{E4BB53A8-965F-411B-850D-E6786CD0CB18}.Release|Any CPU.Build.0 = Release|Any CPU
	EndGlobalSection
	GlobalSection(NestedProjects) = preSolution
		{A9E02CC6-99CF-4E4E-8AD2-99DBB5CE8A90} = {443676AC-6AD7-43DD-8016-9A37A225C781}
		{B8AFB72B-0611-4FA6-8642-0D69DE6D1292} = {443676AC-6AD7-43DD-8016-9A37A225C781}
		{78DECDE6-B610-44EF-94DD-B7C95623A086} = {B8AFB72B-0611-4FA6-8642-0D69DE6D1292}
		{B24C43C9-0F5D-4B55-99AE-DBF87D017DD5} = {B8AFB72B-0611-4FA6-8642-0D69DE6D1292}
		{067F91D8-E56A-4349-B6DC-9EE7680BC2BC} = {02292660-D709-4C4E-A150-8959E668A201}
		{75B767A8-1153-4AD6-AFD9-92C2F2408AFC} = {067F91D8-E56A-4349-B6DC-9EE7680BC2BC}
		{B1E5BC1B-3B75-467C-B522-84E7644225FF} = {75B767A8-1153-4AD6-AFD9-92C2F2408AFC}
		{6714E156-ECE9-4DDD-8E23-8029E38C8F8E} = {B1E5BC1B-3B75-467C-B522-84E7644225FF}
		{CF9D007E-BEE9-4671-B33A-4449AF4CB401} = {067F91D8-E56A-4349-B6DC-9EE7680BC2BC}
		{35EB514D-E66F-484B-8CDC-495A434BD12E} = {CF9D007E-BEE9-4671-B33A-4449AF4CB401}
		{9B8CE17B-BAB3-4E36-A6E6-453374ABE3E6} = {35EB514D-E66F-484B-8CDC-495A434BD12E}
		{AB53D708-74C9-4BB5-A237-95FD85D99792} = {067F91D8-E56A-4349-B6DC-9EE7680BC2BC}
		{866BB861-B4E7-4BA3-89F3-41C056513772} = {AB53D708-74C9-4BB5-A237-95FD85D99792}
		{874E8240-B4AC-4286-9641-7E861A74AA83} = {866BB861-B4E7-4BA3-89F3-41C056513772}
		{6F9664A3-7F02-42F7-A6AB-EB6B0235C84F} = {067F91D8-E56A-4349-B6DC-9EE7680BC2BC}
		{FF66982E-E52B-47EE-A464-5CBF7B4BC632} = {6F9664A3-7F02-42F7-A6AB-EB6B0235C84F}
		{48CFB0FB-FB5F-4B65-B77C-0234FA11F39B} = {FF66982E-E52B-47EE-A464-5CBF7B4BC632}
		{ADEF8C32-DCC6-40E7-9F25-7B934EE6E2A3} = {067F91D8-E56A-4349-B6DC-9EE7680BC2BC}
		{CF7A82D7-8D26-4D5B-821C-DA6D4AC5EB81} = {ADEF8C32-DCC6-40E7-9F25-7B934EE6E2A3}
		{1048350D-85DC-4A1B-8498-FAD6B70F9236} = {CF7A82D7-8D26-4D5B-821C-DA6D4AC5EB81}
		{84FAA044-1B19-4C7B-A0A1-4E4C090DDA86} = {067F91D8-E56A-4349-B6DC-9EE7680BC2BC}
		{74FA128E-3555-4BCC-9D02-995FE9D8755C} = {84FAA044-1B19-4C7B-A0A1-4E4C090DDA86}
		{74E28D0F-D2DD-4C61-926E-202830EECFF7} = {74FA128E-3555-4BCC-9D02-995FE9D8755C}
		{FF9E8581-0691-4F65-9F03-67E04BE3EF4E} = {067F91D8-E56A-4349-B6DC-9EE7680BC2BC}
		{612A18C3-85B3-473B-AFCF-6EBAEB42BD81} = {FF9E8581-0691-4F65-9F03-67E04BE3EF4E}
		{1B868A07-BFE3-42A4-BC17-CEB2103302C1} = {612A18C3-85B3-473B-AFCF-6EBAEB42BD81}
		{1C38E671-F2C8-4DCF-A501-B67BBF6E55C0} = {02292660-D709-4C4E-A150-8959E668A201}
		{E87948D2-E540-4A98-B98A-CF3FA5A9E76A} = {1C38E671-F2C8-4DCF-A501-B67BBF6E55C0}
		{E4BB53A8-965F-411B-850D-E6786CD0CB18} = {1C38E671-F2C8-4DCF-A501-B67BBF6E55C0}
	EndGlobalSection
EndGlobal
